
Microsoft Visual Studio Solution File, Format Version 12.00
# Visual Studio 2012
Project("{FAE04EC0-301F-11D3-BF4B-00C04F79EFBC}") = "trwREVIEWLAB 02", "trwREVIEWLAB 02\trwREVIEWLAB 02.csproj", "{573F2DEF-112B-4FE5-A828-027D1D211C9A}"
EndProject
Global
	GlobalSection(SolutionConfigurationPlatforms) = preSolution
		Debug|Any CPU = Debug|Any CPU
		Release|Any CPU = Release|Any CPU
	EndGlobalSection
	GlobalSection(ProjectConfigurationPlatforms) = postSolution
		{573F2DEF-112B-4FE5-A828-027D1D211C9A}.Debug|Any CPU.ActiveCfg = Debug|Any CPU
		{573F2DEF-112B-4FE5-A828-027D1D211C9A}.Debug|Any CPU.Build.0 = Debug|Any CPU
		{573F2DEF-112B-4FE5-A828-027D1D211C9A}.Release|Any CPU.ActiveCfg = Release|Any CPU
		{573F2DEF-112B-4FE5-A828-027D1D211C9A}.Release|Any CPU.Build.0 = Release|Any CPU
	EndGlobalSection
	GlobalSection(SolutionProperties) = preSolution
		HideSolutionNode = FALSE
	EndGlobalSection
EndGlobal
